{
  "name": "wcs-icr-models",
  "version": "3.3.2",
  "lockfileVersion": 2,
  "requires": true,
  "packages": {
    "": {
      "version": "3.3.2",
      "license": "ISC",
      "dependencies": {
        "debug": "^2.2.0",
        "hat": "0.0.3",
        "lodash": "^3.10.0",
        "mongoose": "^4.0.6"
      }
    },
    "node_modules/debug": {
      "version": "2.2.0",
      "resolved": "https://registry.npmjs.org/debug/-/debug-2.2.0.tgz",
      "integrity": "sha1-+HBX6ZWxofauaklgZkE3vFbwOdo=",
      "dependencies": {
        "ms": "0.7.1"
      }
    },
    "node_modules/debug/node_modules/ms": {
      "version": "0.7.1",
      "resolved": "https://registry.npmjs.org/ms/-/ms-0.7.1.tgz",
      "integrity": "sha1-nNE8A62/8ltl7/3nzoZO6VIBcJg="
    },
    "node_modules/hat": {
      "version": "0.0.3",
      "resolved": "https://registry.npmjs.org/hat/-/hat-0.0.3.tgz",
      "integrity": "sha1-uwFKnmSzeIrtgAWRdBPU/z1QLYo="
    },
    "node_modules/lodash": {
      "version": "3.10.1",
      "resolved": "https://registry.npmjs.org/lodash/-/lodash-3.10.1.tgz",
      "integrity": "sha1-W/Rejkm6QYnhfUgnid/RW9FAt7Y="
    },
    "node_modules/mongoose": {
      "version": "4.2.2",
      "resolved": "https://registry.npmjs.org/mongoose/-/mongoose-4.2.2.tgz",
      "integrity": "sha1-pJSZ1l43VRgzbPKoZOLV95RAzX4=",
      "dependencies": {
        "async": "0.9.0",
        "bson": "~0.4.18",
        "hooks-fixed": "1.1.0",
        "kareem": "1.0.1",
        "mongodb": "2.0.46",
        "mpath": "0.1.1",
        "mpromise": "0.5.4",
        "mquery": "1.6.3",
        "ms": "0.1.0",
        "muri": "1.0.0",
        "regexp-clone": "0.0.1",
        "sliced": "0.0.5"
      },
      "engines": {
        "node": ">=0.6.19"
      }
    },
    "node_modules/mongoose/node_modules/async": {
      "version": "0.9.0",
      "resolved": "https://registry.npmjs.org/async/-/async-0.9.0.tgz",
      "integrity": "sha1-rDYTsdqb7RtHUQu0ZRuJMeRxRsc="
    },
    "node_modules/mongoose/node_modules/bson": {
      "version": "0.4.19",
      "resolved": "https://registry.npmjs.org/bson/-/bson-0.4.19.tgz",
      "integrity": "sha1-GjQPOag9FjwYr5xcqS0raXo1vkE=",
      "engines": {
        "node": ">=0.6.19"
      }
    },
    "node_modules/mongoose/node_modules/hooks-fixed": {
      "version": "1.1.0",
      "resolved": "https://registry.npmjs.org/hooks-fixed/-/hooks-fixed-1.1.0.tgz",
      "integrity": "sha1-DowVM2cI5mERhf45C0RofdUjDbs=",
      "engines": {
        "node": ">=0.4.0"
      }
    },
    "node_modules/mongoose/node_modules/kareem": {
      "version": "1.0.1",
      "resolved": "https://registry.npmjs.org/kareem/-/kareem-1.0.1.tgz",
      "integrity": "sha1-eAXSFbtTIU7Dr5aaHQsfF+PnuVw="
    },
    "node_modules/mongoose/node_modules/mongodb": {
      "version": "2.0.46",
      "resolved": "https://registry.npmjs.org/mongodb/-/mongodb-2.0.46.tgz",
      "integrity": "sha1-sbhXRl5F4lmx4OAzaYNBpky5NVk=",
      "dependencies": {
        "es6-promise": "2.1.1",
        "mongodb-core": "1.2.19",
        "readable-stream": "1.0.31"
      }
    },
    "node_modules/mongoose/node_modules/mongodb/node_modules/es6-promise": {
      "version": "2.1.1",
      "resolved": "https://registry.npmjs.org/es6-promise/-/es6-promise-2.1.1.tgz",
      "integrity": "sha1-A+jzxyl5KOVHjWqx0GQyUVB73t0="
    },
    "node_modules/mongoose/node_modules/mongodb/node_modules/mongodb-core": {
      "version": "1.2.19",
      "resolved": "https://registry.npmjs.org/mongodb-core/-/mongodb-core-1.2.19.tgz",
      "integrity": "sha1-/LNfa2q8XD3h8aSl21JrnjBvPrc=",
      "dependencies": {
        "bson": "~0.4.19"
      },
      "optionalDependencies": {
        "kerberos": "~0.0"
      }
    },
    "node_modules/mongoose/node_modules/mongodb/node_modules/mongodb-core/node_modules/kerberos": {
      "version": "0.0.15",
      "resolved": "https://registry.npmjs.org/kerberos/-/kerberos-0.0.15.tgz",
      "integrity": "sha1-x91aLTEc55wwjCZwqRh9m/dF7VI=",
      "hasInstallScript": true,
      "optional": true,
      "dependencies": {
        "nan": "~2.0"
      }
    },
    "node_modules/mongoose/node_modules/mongodb/node_modules/mongodb-core/node_modules/kerberos/node_modules/nan": {
      "version": "2.0.9",
      "resolved": "https://registry.npmjs.org/nan/-/nan-2.0.9.tgz",
      "integrity": "sha1-0Cp3D0Z3iELM65ThfKsx/8cjSgU=",
      "optional": true
    },
    "node_modules/mongoose/node_modules/mongodb/node_modules/readable-stream": {
      "version": "1.0.31",
      "resolved": "https://registry.npmjs.org/readable-stream/-/readable-stream-1.0.31.tgz",
      "integrity": "sha1-jyUC4LyeOw2huUUgqrtOJgPsr64=",
      "dependencies": {
        "core-util-is": "~1.0.0",
        "inherits": "~2.0.1",
        "isarray": "0.0.1",
        "string_decoder": "~0.10.x"
      }
    },
    "node_modules/mongoose/node_modules/mongodb/node_modules/readable-stream/node_modules/core-util-is": {
      "version": "1.0.1",
      "resolved": "https://registry.npmjs.org/core-util-is/-/core-util-is-1.0.1.tgz",
      "integrity": "sha1-awcIWu+aPMrG7lO/nT3wwVIaVTg="
    },
    "node_modules/mongoose/node_modules/mongodb/node_modules/readable-stream/node_modules/inherits": {
      "version": "2.0.1",
      "resolved": "https://registry.npmjs.org/inherits/-/inherits-2.0.1.tgz",
      "integrity": "sha1-sX0I0ya0Qj5Wjv9xn5GwscvfafE="
    },
    "node_modules/mongoose/node_modules/mongodb/node_modules/readable-stream/node_modules/isarray": {
      "version": "0.0.1",
      "resolved": "https://registry.npmjs.org/isarray/-/isarray-0.0.1.tgz",
      "integrity": "sha1-ihis/Kmo9Bd+Cav8YDiTmwXR7t8="
    },
    "node_modules/mongoose/node_modules/mongodb/node_modules/readable-stream/node_modules/string_decoder": {
      "version": "0.10.31",
      "resolved": "https://registry.npmjs.org/string_decoder/-/string_decoder-0.10.31.tgz",
      "integrity": "sha1-YuIDvEF2bGwoyfyEMB2rHFMQ+pQ="
    },
    "node_modules/mongoose/node_modules/mpath": {
      "version": "0.1.1",
      "resolved": "https://registry.npmjs.org/mpath/-/mpath-0.1.1.tgz",
      "integrity": "sha1-I9qFK3wjLuCX9HWdKcDunNItXkY="
    },
    "node_modules/mongoose/node_modules/mpromise": {
      "version": "0.5.4",
      "resolved": "https://registry.npmjs.org/mpromise/-/mpromise-0.5.4.tgz",
      "integrity": "sha1-thBhPsbeN0GflEs18Hg7Ten13HU="
    },
    "node_modules/mongoose/node_modules/mquery": {
      "version": "1.6.3",
      "resolved": "https://registry.npmjs.org/mquery/-/mquery-1.6.3.tgz",
      "integrity": "sha1-fAK/t+ScgBLOzhVWxeZf72HzyOU=",
      "dependencies": {
        "bluebird": "2.9.26",
        "debug": "2.2.0",
        "regexp-clone": "0.0.1",
        "sliced": "0.0.5"
      }
    },
    "node_modules/mongoose/node_modules/mquery/node_modules/bluebird": {
      "version": "2.9.26",
      "resolved": "https://registry.npmjs.org/bluebird/-/bluebird-2.9.26.tgz",
      "integrity": "sha1-Nidy6k0J9VakufO2TC/RNuh+OlU="
    },
    "node_modules/mongoose/node_modules/ms": {
      "version": "0.1.0",
      "resolved": "https://registry.npmjs.org/ms/-/ms-0.1.0.tgz",
      "integrity": "sha1-8h+sSQ2vHXZn/RgP6QdzicyUQrI="
    },
    "node_modules/mongoose/node_modules/muri": {
      "version": "1.0.0",
      "resolved": "https://registry.npmjs.org/muri/-/muri-1.0.0.tgz",
      "integrity": "sha1-3jv2vXHWfq5x12aJuVDS3hGGlcY="
    },
    "node_modules/mongoose/node_modules/regexp-clone": {
      "version": "0.0.1",
      "resolved": "https://registry.npmjs.org/regexp-clone/-/regexp-clone-0.0.1.tgz",
      "integrity": "sha1-p8LgmJH9vzj7sQ03b7cwA+aKxYk="
    },
    "node_modules/mongoose/node_modules/sliced": {
      "version": "0.0.5",
      "resolved": "https://registry.npmjs.org/sliced/-/sliced-0.0.5.tgz",
      "integrity": "sha1-XtwETKTrb3gW1Qui/GPiXY/kcH8="
    }
  },
  "dependencies": {
    "debug": {
      "version": "2.2.0",
      "resolved": "https://registry.npmjs.org/debug/-/debug-2.2.0.tgz",
      "integrity": "sha1-+HBX6ZWxofauaklgZkE3vFbwOdo=",
      "requires": {
        "ms": "0.7.1"
      },
      "dependencies": {
        "ms": {
          "version": "0.7.1",
          "resolved": "https://registry.npmjs.org/ms/-/ms-0.7.1.tgz",
          "integrity": "sha1-nNE8A62/8ltl7/3nzoZO6VIBcJg="
        }
      }
    },
    "hat": {
      "version": "0.0.3",
      "resolved": "https://registry.npmjs.org/hat/-/hat-0.0.3.tgz",
      "integrity": "sha1-uwFKnmSzeIrtgAWRdBPU/z1QLYo="
    },
    "lodash": {
      "version": "3.10.1",
      "resolved": "https://registry.npmjs.org/lodash/-/lodash-3.10.1.tgz",
      "integrity": "sha1-W/Rejkm6QYnhfUgnid/RW9FAt7Y="
    },
    "mongoose": {
      "version": "4.2.2",
      "resolved": "https://registry.npmjs.org/mongoose/-/mongoose-4.2.2.tgz",
      "integrity": "sha1-pJSZ1l43VRgzbPKoZOLV95RAzX4=",
      "requires": {
        "async": "0.9.0",
        "bson": "~0.4.18",
        "hooks-fixed": "1.1.0",
        "kareem": "1.0.1",
        "mongodb": "2.0.46",
        "mpath": "0.1.1",
        "mpromise": "0.5.4",
        "mquery": "1.6.3",
        "ms": "0.1.0",
        "muri": "1.0.0",
        "regexp-clone": "0.0.1",
        "sliced": "0.0.5"
      },
      "dependencies": {
        "async": {
          "version": "0.9.0",
          "resolved": "https://registry.npmjs.org/async/-/async-0.9.0.tgz",
          "integrity": "sha1-rDYTsdqb7RtHUQu0ZRuJMeRxRsc="
        },
        "bson": {
          "version": "0.4.19",
          "resolved": "https://registry.npmjs.org/bson/-/bson-0.4.19.tgz",
          "integrity": "sha1-GjQPOag9FjwYr5xcqS0raXo1vkE="
        },
        "hooks-fixed": {
          "version": "1.1.0",
          "resolved": "https://registry.npmjs.org/hooks-fixed/-/hooks-fixed-1.1.0.tgz",
          "integrity": "sha1-DowVM2cI5mERhf45C0RofdUjDbs="
        },
        "kareem": {
          "version": "1.0.1",
          "resolved": "https://registry.npmjs.org/kareem/-/kareem-1.0.1.tgz",
          "integrity": "sha1-eAXSFbtTIU7Dr5aaHQsfF+PnuVw="
        },
        "mongodb": {
          "version": "2.0.46",
          "resolved": "https://registry.npmjs.org/mongodb/-/mongodb-2.0.46.tgz",
          "integrity": "sha1-sbhXRl5F4lmx4OAzaYNBpky5NVk=",
          "requires": {
            "es6-promise": "2.1.1",
            "mongodb-core": "1.2.19",
            "readable-stream": "1.0.31"
          },
          "dependencies": {
            "es6-promise": {
              "version": "2.1.1",
              "resolved": "https://registry.npmjs.org/es6-promise/-/es6-promise-2.1.1.tgz",
              "integrity": "sha1-A+jzxyl5KOVHjWqx0GQyUVB73t0="
            },
            "mongodb-core": {
              "version": "1.2.19",
              "resolved": "https://registry.npmjs.org/mongodb-core/-/mongodb-core-1.2.19.tgz",
              "integrity": "sha1-/LNfa2q8XD3h8aSl21JrnjBvPrc=",
              "requires": {
                "bson": "~0.4.19",
                "kerberos": "~0.0"
              },
              "dependencies": {
                "kerberos": {
                  "version": "0.0.15",
                  "resolved": "https://registry.npmjs.org/kerberos/-/kerberos-0.0.15.tgz",
                  "integrity": "sha1-x91aLTEc55wwjCZwqRh9m/dF7VI=",
                  "optional": true,
                  "requires": {
                    "nan": "~2.0"
                  },
                  "dependencies": {
                    "nan": {
                      "version": "2.0.9",
                      "resolved": "https://registry.npmjs.org/nan/-/nan-2.0.9.tgz",
                      "integrity": "sha1-0Cp3D0Z3iELM65ThfKsx/8cjSgU=",
                      "optional": true
                    }
                  }
                }
              }
            },
            "readable-stream": {
              "version": "1.0.31",
              "resolved": "https://registry.npmjs.org/readable-stream/-/readable-stream-1.0.31.tgz",
              "integrity": "sha1-jyUC4LyeOw2huUUgqrtOJgPsr64=",
              "requires": {
                "core-util-is": "~1.0.0",
                "inherits": "~2.0.1",
                "isarray": "0.0.1",
                "string_decoder": "~0.10.x"
              },
              "dependencies": {
                "core-util-is": {
                  "version": "1.0.1",
                  "resolved": "https://registry.npmjs.org/core-util-is/-/core-util-is-1.0.1.tgz",
                  "integrity": "sha1-awcIWu+aPMrG7lO/nT3wwVIaVTg="
                },
                "inherits": {
                  "version": "2.0.1",
                  "resolved": "https://registry.npmjs.org/inherits/-/inherits-2.0.1.tgz",
                  "integrity": "sha1-sX0I0ya0Qj5Wjv9xn5GwscvfafE="
                },
                "isarray": {
                  "version": "0.0.1",
                  "resolved": "https://registry.npmjs.org/isarray/-/isarray-0.0.1.tgz",
                  "integrity": "sha1-ihis/Kmo9Bd+Cav8YDiTmwXR7t8="
                },
                "string_decoder": {
                  "version": "0.10.31",
                  "resolved": "https://registry.npmjs.org/string_decoder/-/string_decoder-0.10.31.tgz",
                  "integrity": "sha1-YuIDvEF2bGwoyfyEMB2rHFMQ+pQ="
                }
              }
            }
          }
        },
        "mpath": {
          "version": "0.1.1",
          "resolved": "https://registry.npmjs.org/mpath/-/mpath-0.1.1.tgz",
          "integrity": "sha1-I9qFK3wjLuCX9HWdKcDunNItXkY="
        },
        "mpromise": {
          "version": "0.5.4",
          "resolved": "https://registry.npmjs.org/mpromise/-/mpromise-0.5.4.tgz",
          "integrity": "sha1-thBhPsbeN0GflEs18Hg7Ten13HU="
        },
        "mquery": {
          "version": "1.6.3",
          "resolved": "https://registry.npmjs.org/mquery/-/mquery-1.6.3.tgz",
          "integrity": "sha1-fAK/t+ScgBLOzhVWxeZf72HzyOU=",
          "requires": {
            "bluebird": "2.9.26",
            "debug": "2.2.0",
            "regexp-clone": "0.0.1",
            "sliced": "0.0.5"
          },
          "dependencies": {
            "bluebird": {
              "version": "2.9.26",
              "resolved": "https://registry.npmjs.org/bluebird/-/bluebird-2.9.26.tgz",
              "integrity": "sha1-Nidy6k0J9VakufO2TC/RNuh+OlU="
            }
          }
        },
        "ms": {
          "version": "0.1.0",
          "resolved": "https://registry.npmjs.org/ms/-/ms-0.1.0.tgz",
          "integrity": "sha1-8h+sSQ2vHXZn/RgP6QdzicyUQrI="
        },
        "muri": {
          "version": "1.0.0",
          "resolved": "https://registry.npmjs.org/muri/-/muri-1.0.0.tgz",
          "integrity": "sha1-3jv2vXHWfq5x12aJuVDS3hGGlcY="
        },
        "regexp-clone": {
          "version": "0.0.1",
          "resolved": "https://registry.npmjs.org/regexp-clone/-/regexp-clone-0.0.1.tgz",
          "integrity": "sha1-p8LgmJH9vzj7sQ03b7cwA+aKxYk="
        },
        "sliced": {
          "version": "0.0.5",
          "resolved": "https://registry.npmjs.org/sliced/-/sliced-0.0.5.tgz",
          "integrity": "sha1-XtwETKTrb3gW1Qui/GPiXY/kcH8="
        }
      }
    }
  }
}
